
Microsoft Visual Studio Solution File, Format Version 11.00
# Visual Studio 2010
Project("{FAE04EC0-301F-11D3-BF4B-00C04F79EFBC}") = "ACME.Console", "ACME.Console\ACME.Console.csproj", "{8B31D9AC-E4D9-4FA6-A4BD-9996944705FC}"
EndProject
Project("{FAE04EC0-301F-11D3-BF4B-00C04F79EFBC}") = "ACME.Model", "ACME.Model\ACME.Model.csproj", "{ECA703EC-D4AF-4724-8732-3B05609C1C79}"
EndProject
Project("{FAE04EC0-301F-11D3-BF4B-00C04F79EFBC}") = "ACME.Data", "ACME.Data\ACME.Data.csproj", "{62783E49-CFFD-497A-B8F2-413FE2B3984B}"
EndProject
Project("{FAE04EC0-301F-11D3-BF4B-00C04F79EFBC}") = "ACME.Repository", "ACME.Repository\ACME.Repository.csproj", "{503819A0-4487-40EA-A276-8D8CE4E53255}"
EndProject
Global
	GlobalSection(SolutionConfigurationPlatforms) = preSolution
		Debug|Any CPU = Debug|Any CPU
		Debug|Mixed Platforms = Debug|Mixed Platforms
		Debug|x86 = Debug|x86
		Release|Any CPU = Release|Any CPU
		Release|Mixed Platforms = Release|Mixed Platforms
		Release|x86 = Release|x86
	EndGlobalSection
	GlobalSection(ProjectConfigurationPlatforms) = postSolution
		{8B31D9AC-E4D9-4FA6-A4BD-9996944705FC}.Debug|Any CPU.ActiveCfg = Debug|x86
		{8B31D9AC-E4D9-4FA6-A4BD-9996944705FC}.Debug|Mixed Platforms.ActiveCfg = Debug|x86
		{8B31D9AC-E4D9-4FA6-A4BD-9996944705FC}.Debug|Mixed Platforms.Build.0 = Debug|x86
		{8B31D9AC-E4D9-4FA6-A4BD-9996944705FC}.Debug|x86.ActiveCfg = Debug|x86
		{8B31D9AC-E4D9-4FA6-A4BD-9996944705FC}.Debug|x86.Build.0 = Debug|x86
		{8B31D9AC-E4D9-4FA6-A4BD-9996944705FC}.Release|Any CPU.ActiveCfg = Release|x86
		{8B31D9AC-E4D9-4FA6-A4BD-9996944705FC}.Release|Mixed Platforms.ActiveCfg = Release|x86
		{8B31D9AC-E4D9-4FA6-A4BD-9996944705FC}.Release|Mixed Platforms.Build.0 = Release|x86
		{8B31D9AC-E4D9-4FA6-A4BD-9996944705FC}.Release|x86.ActiveCfg = Release|x86
		{8B31D9AC-E4D9-4FA6-A4BD-9996944705FC}.Release|x86.Build.0 = Release|x86
		{ECA703EC-D4AF-4724-8732-3B05609C1C79}.Debug|Any CPU.ActiveCfg = Debug|Any CPU
		{ECA703EC-D4AF-4724-8732-3B05609C1C79}.Debug|Any CPU.Build.0 = Debug|Any CPU
		{ECA703EC-D4AF-4724-8732-3B05609C1C79}.Debug|Mixed Platforms.ActiveCfg = Debug|Any CPU
		{ECA703EC-D4AF-4724-8732-3B05609C1C79}.Debug|Mixed Platforms.Build.0 = Debug|Any CPU
		{ECA703EC-D4AF-4724-8732-3B05609C1C79}.Debug|x86.ActiveCfg = Debug|Any CPU
		{ECA703EC-D4AF-4724-8732-3B05609C1C79}.Release|Any CPU.ActiveCfg = Release|Any CPU
		{ECA703EC-D4AF-4724-8732-3B05609C1C79}.Release|Any CPU.Build.0 = Release|Any CPU
		{ECA703EC-D4AF-4724-8732-3B05609C1C79}.Release|Mixed Platforms.ActiveCfg = Release|Any CPU
		{ECA703EC-D4AF-4724-8732-3B05609C1C79}.Release|Mixed Platforms.Build.0 = Release|Any CPU
		{ECA703EC-D4AF-4724-8732-3B05609C1C79}.Release|x86.ActiveCfg = Release|Any CPU
		{62783E49-CFFD-497A-B8F2-413FE2B3984B}.Debug|Any CPU.ActiveCfg = Debug|Any CPU
		{62783E49-CFFD-497A-B8F2-413FE2B3984B}.Debug|Any CPU.Build.0 = Debug|Any CPU
		{62783E49-CFFD-497A-B8F2-413FE2B3984B}.Debug|Mixed Platforms.ActiveCfg = Debug|Any CPU
		{62783E49-CFFD-497A-B8F2-413FE2B3984B}.Debug|Mixed Platforms.Build.0 = Debug|Any CPU
		{62783E49-CFFD-497A-B8F2-413FE2B3984B}.Debug|x86.ActiveCfg = Debug|Any CPU
		{62783E49-CFFD-497A-B8F2-413FE2B3984B}.Release|Any CPU.ActiveCfg = Release|Any CPU
		{62783E49-CFFD-497A-B8F2-413FE2B3984B}.Release|Any CPU.Build.0 = Release|Any CPU
		{62783E49-CFFD-497A-B8F2-413FE2B3984B}.Release|Mixed Platforms.ActiveCfg = Release|Any CPU
		{62783E49-CFFD-497A-B8F2-413FE2B3984B}.Release|Mixed Platforms.Build.0 = Release|Any CPU
		{62783E49-CFFD-497A-B8F2-413FE2B3984B}.Release|x86.ActiveCfg = Release|Any CPU
		{503819A0-4487-40EA-A276-8D8CE4E53255}.Debug|Any CPU.ActiveCfg = Debug|Any CPU
		{503819A0-4487-40EA-A276-8D8CE4E53255}.Debug|Any CPU.Build.0 = Debug|Any CPU
		{503819A0-4487-40EA-A276-8D8CE4E53255}.Debug|Mixed Platforms.ActiveCfg = Debug|Any CPU
		{503819A0-4487-40EA-A276-8D8CE4E53255}.Debug|Mixed Platforms.Build.0 = Debug|Any CPU
		{503819A0-4487-40EA-A276-8D8CE4E53255}.Debug|x86.ActiveCfg = Debug|Any CPU
		{503819A0-4487-40EA-A276-8D8CE4E53255}.Release|Any CPU.ActiveCfg = Release|Any CPU
		{503819A0-4487-40EA-A276-8D8CE4E53255}.Release|Any CPU.Build.0 = Release|Any CPU
		{503819A0-4487-40EA-A276-8D8CE4E53255}.Release|Mixed Platforms.ActiveCfg = Release|Any CPU
		{503819A0-4487-40EA-A276-8D8CE4E53255}.Release|Mixed Platforms.Build.0 = Release|Any CPU
		{503819A0-4487-40EA-A276-8D8CE4E53255}.Release|x86.ActiveCfg = Release|Any CPU
	EndGlobalSection
	GlobalSection(SolutionProperties) = preSolution
		HideSolutionNode = FALSE
	EndGlobalSection
EndGlobal
